
Microsoft Visual Studio Solution File, Format Version 12.00
# Visual Studio Version 17
VisualStudioVersion = 17.1.32328.378
MinimumVisualStudioVersion = 10.0.40219.1
Project("{FAE04EC0-301F-11D3-BF4B-00C04F79EFBC}") = "SelectionStatements", "SelectionStatements\SelectionStatements.csproj", "{463DE910-BAFD-4A6A-B7E9-D06CAD2B726B}"
EndProject
Global
	GlobalSection(SolutionConfigurationPlatforms) = preSolution
		Debug|Any CPU = Debug|Any CPU
		Release|Any CPU = Release|Any CPU
	EndGlobalSection
	GlobalSection(ProjectConfigurationPlatforms) = postSolution
		{463DE910-BAFD-4A6A-B7E9-D06CAD2B726B}.Debug|Any CPU.ActiveCfg = Debug|Any CPU
		{463DE910-BAFD-4A6A-B7E9-D06CAD2B726B}.Debug|Any CPU.Build.0 = Debug|Any CPU
		{463DE910-BAFD-4A6A-B7E9-D06CAD2B726B}.Release|Any CPU.ActiveCfg = Release|Any CPU
		{463DE910-BAFD-4A6A-B7E9-D06CAD2B726B}.Release|Any CPU.Build.0 = Release|Any CPU
	EndGlobalSection
	GlobalSection(SolutionProperties) = preSolution
		HideSolutionNode = FALSE
	EndGlobalSection
	GlobalSection(ExtensibilityGlobals) = postSolution
		SolutionGuid = {2B47E3D4-E251-4F16-B704-3FC60FBD86CB}
	EndGlobalSection
EndGlobal
